
Microsoft Visual Studio Solution File, Format Version 12.00
# Visual Studio Version 16
VisualStudioVersion = 16.0.29709.97
MinimumVisualStudioVersion = 10.0.40219.1
Project("{FAE04EC0-301F-11D3-BF4B-00C04F79EFBC}") = "DicomReport", "DicomReport.csproj", "{C6E54AF6-94AD-4BAC-BE19-62977771CEC4}"
EndProject
Global
	GlobalSection(SolutionConfigurationPlatforms) = preSolution
		Debug|Any CPU = Debug|Any CPU
		Release|Any CPU = Release|Any CPU
	EndGlobalSection
	GlobalSection(ProjectConfigurationPlatforms) = postSolution
		{C6E54AF6-94AD-4BAC-BE19-62977771CEC4}.Debug|Any CPU.ActiveCfg = Debug|Any CPU
		{C6E54AF6-94AD-4BAC-BE19-62977771CEC4}.Debug|Any CPU.Build.0 = Debug|Any CPU
		{C6E54AF6-94AD-4BAC-BE19-62977771CEC4}.Release|Any CPU.ActiveCfg = Release|Any CPU
		{C6E54AF6-94AD-4BAC-BE19-62977771CEC4}.Release|Any CPU.Build.0 = Release|Any CPU
	EndGlobalSection
	GlobalSection(SolutionProperties) = preSolution
		HideSolutionNode = FALSE
	EndGlobalSection
	GlobalSection(ExtensibilityGlobals) = postSolution
		SolutionGuid = {83775815-BB83-49E1-8088-AD422B6CEE28}
	EndGlobalSection
EndGlobal
